<?xml version="1.0" encoding="utf-8"?>
<Project ToolsVersion="4.0" xmlns="http://schemas.microsoft.com/developer/msbuild/2003">
  <ItemGroup>
    <Filter Include="win32">
      <UniqueIdentifier>{84a8ebd7-7cf0-47f6-b75e-d441df67da40}</UniqueIdentifier>
    </Filter>
    <Filter Include="resource">
      <UniqueIdentifier>{715254bc-d70b-4ec5-bf29-467dd3ace079}</UniqueIdentifier>
    </Filter>
    <Filter Include="src">
      <UniqueIdentifier>{bb6c862e-70e9-49d9-81b7-3829a6f50471}</UniqueIdentifier>
    </Filter>
    <Filter Include="Scenes">
      <UniqueIdentifier>{7a0ee565-e212-41e8-8286-62c7264779aa}</UniqueIdentifier>
    </Filter>
    <Filter Include="Constants">
      <UniqueIdentifier>{5eda3eaf-83bc-47fd-9bb8-af7ffc6cdb08}</UniqueIdentifier>
    </Filter>
    <Filter Include="BaseEntity">
      <UniqueIdentifier>{a3e9db2e-bede-4cd2-a436-6188a6baa9cb}</UniqueIdentifier>
    </Filter>
  </ItemGroup>
  <ItemGroup>
    <ClCompile Include="main.cpp">
      <Filter>win32</Filter>
    </ClCompile>
    <ClCompile Include="..\Classes\AppDelegate.cpp">
      <Filter>src</Filter>
    </ClCompile>
    <ClCompile Include="..\Classes\scene\GameScene.cpp">
      <Filter>Scenes</Filter>
    </ClCompile>
    <ClCompile Include="..\Classes\scene\HelloWorldScene.cpp">
      <Filter>Scenes</Filter>
    </ClCompile>
    <ClCompile Include="..\Classes\scene\SceneManager.cpp" />
    <ClCompile Include="..\Classes\Animator.cpp" />
    <ClCompile Include="..\Classes\BaseEntity\BaseEntity.cpp">
      <Filter>BaseEntity</Filter>
    </ClCompile>
    <ClCompile Include="..\Classes\BaseEntity\Character.cpp">
      <Filter>BaseEntity</Filter>
    </ClCompile>
    <ClCompile Include="..\Classes\BaseEntity\Enemy.cpp">
      <Filter>BaseEntity</Filter>
    </ClCompile>
  </ItemGroup>
  <ItemGroup>
    <ClInclude Include="main.h">
      <Filter>win32</Filter>
    </ClInclude>
    <ClInclude Include="..\Classes\AppDelegate.h">
      <Filter>src</Filter>
    </ClInclude>
    <ClInclude Include="..\Classes\scene\GameScene.h">
      <Filter>Scenes</Filter>
    </ClInclude>
    <ClInclude Include="..\Classes\scene\HelloWorldScene.h">
      <Filter>Scenes</Filter>
    </ClInclude>
    <ClInclude Include="..\Classes\scene\SceneManager.h" />
    <ClInclude Include="..\Classes\Constants\Constants.h">
      <Filter>Constants</Filter>
    </ClInclude>
    <ClInclude Include="..\Classes\Animator.h" />
    <ClInclude Include="..\Classes\BaseEntity\Character.h">
      <Filter>BaseEntity</Filter>
    </ClInclude>
    <ClInclude Include="..\Classes\BaseEntity\BaseEntity.h">
      <Filter>BaseEntity</Filter>
    </ClInclude>
    <ClInclude Include="..\Classes\BaseEntity\Enemy.h">
      <Filter>BaseEntity</Filter>
    </ClInclude>
  </ItemGroup>
  <ItemGroup>
    <ResourceCompile Include="game.rc">
      <Filter>resource</Filter>
    </ResourceCompile>
  </ItemGroup>
</Project>