<?xml version="1.0" encoding="utf-8"?>
<Project ToolsVersion="4.0" xmlns="http://schemas.microsoft.com/developer/msbuild/2003">
  <ItemGroup>
    <Filter Include="win32">
      <UniqueIdentifier>{84a8ebd7-7cf0-47f6-b75e-d441df67da40}</UniqueIdentifier>
    </Filter>
    <Filter Include="resource">
      <UniqueIdentifier>{715254bc-d70b-4ec5-bf29-467dd3ace079}</UniqueIdentifier>
    </Filter>
    <Filter Include="src">
      <UniqueIdentifier>{bb6c862e-70e9-49d9-81b7-3829a6f50471}</UniqueIdentifier>
    </Filter>
    <Filter Include="Scenes">
      <UniqueIdentifier>{7a0ee565-e212-41e8-8286-62c7264779aa}</UniqueIdentifier>
    </Filter>
    <Filter Include="Constants">
      <UniqueIdentifier>{5eda3eaf-83bc-47fd-9bb8-af7ffc6cdb08}</UniqueIdentifier>
    </Filter>
    <Filter Include="BaseEntity">
      <UniqueIdentifier>{a3e9db2e-bede-4cd2-a436-6188a6baa9cb}</UniqueIdentifier>
    </Filter>
    <Filter Include="Input">
      <UniqueIdentifier>{b47fa767-7258-44c9-8116-1d0a4c7225cf}</UniqueIdentifier>
    </Filter>
    <Filter Include="Command">
      <UniqueIdentifier>{d72e1436-5a43-4a12-85d8-43aa2ae192e0}</UniqueIdentifier>
    </Filter>
    <Filter Include="Background">
      <UniqueIdentifier>{83850a9a-a4ab-4abe-84ad-4250469649af}</UniqueIdentifier>
    </Filter>
    <Filter Include="Weapon">
      <UniqueIdentifier>{daf5d860-298a-4145-841a-0637a15b919c}</UniqueIdentifier>
    </Filter>
    <Filter Include="Projectile">
      <UniqueIdentifier>{8deac0ff-bd84-4619-8ef8-5ca4dd8c8251}</UniqueIdentifier>
    </Filter>
    <Filter Include="Manager">
      <UniqueIdentifier>{36e08753-b08b-4f60-9617-593ea972531f}</UniqueIdentifier>
    </Filter>
    <Filter Include="BaseEntity\PowerUp">
      <UniqueIdentifier>{354f4d1f-78b4-4634-a5b2-a59c05b76dc0}</UniqueIdentifier>
    </Filter>
  </ItemGroup>
  <ItemGroup>
    <ClCompile Include="main.cpp">
      <Filter>win32</Filter>
    </ClCompile>
    <ClCompile Include="..\Classes\AppDelegate.cpp">
      <Filter>src</Filter>
    </ClCompile>
    <ClCompile Include="..\Classes\Animator.cpp" />
    <ClCompile Include="..\Classes\ParallaxBackground.cpp">
      <Filter>Background</Filter>
    </ClCompile>
    <ClCompile Include="..\Classes\ScrollingBackground.cpp">
      <Filter>Background</Filter>
    </ClCompile>
    <ClCompile Include="..\Classes\PowerUp.cpp">
      <Filter>BaseEntity\PowerUp</Filter>
    </ClCompile>
    <ClCompile Include="..\Classes\BaseEntity.cpp">
      <Filter>BaseEntity</Filter>
    </ClCompile>
    <ClCompile Include="..\Classes\Character.cpp">
      <Filter>BaseEntity</Filter>
    </ClCompile>
    <ClCompile Include="..\Classes\Enemy.cpp">
      <Filter>BaseEntity</Filter>
    </ClCompile>
    <ClCompile Include="..\Classes\InputHandler.cpp">
      <Filter>Input</Filter>
    </ClCompile>
    <ClCompile Include="..\Classes\Missile.cpp">
      <Filter>Projectile</Filter>
    </ClCompile>
    <ClCompile Include="..\Classes\Projectile.cpp">
      <Filter>Projectile</Filter>
    </ClCompile>
    <ClCompile Include="..\Classes\GameScene.cpp">
      <Filter>Scenes</Filter>
    </ClCompile>
    <ClCompile Include="..\Classes\Rocket.cpp">
      <Filter>Weapon</Filter>
    </ClCompile>
    <ClCompile Include="..\Classes\SceneManager.cpp">
      <Filter>Manager</Filter>
    </ClCompile>
    <ClCompile Include="..\Classes\MainmenuScene.cpp">
      <Filter>Scenes</Filter>
    </ClCompile>
    <ClCompile Include="..\Classes\SettingScene.cpp">
      <Filter>Scenes</Filter>
    </ClCompile>
    <ClCompile Include="..\Classes\FeedBack.cpp">
      <Filter>BaseEntity</Filter>
    </ClCompile>
    <ClCompile Include="..\Classes\WarningSign.cpp">
      <Filter>BaseEntity</Filter>
    </ClCompile>
    <ClCompile Include="..\Classes\FeedBackManager.cpp">
      <Filter>Manager</Filter>
    </ClCompile>
    <ClCompile Include="..\Classes\GameManager.cpp">
      <Filter>Manager</Filter>
    </ClCompile>
  </ItemGroup>
  <ItemGroup>
    <ClInclude Include="main.h">
      <Filter>win32</Filter>
    </ClInclude>
    <ClInclude Include="..\Classes\AppDelegate.h">
      <Filter>src</Filter>
    </ClInclude>
    <ClInclude Include="..\Classes\Animator.h" />
    <ClInclude Include="..\Classes\ParallaxBackground.h">
      <Filter>Background</Filter>
    </ClInclude>
    <ClInclude Include="..\Classes\ScrollingBackground.h">
      <Filter>Background</Filter>
    </ClInclude>
    <ClInclude Include="..\Classes\PowerUp.h">
      <Filter>BaseEntity\PowerUp</Filter>
    </ClInclude>
    <ClInclude Include="..\Classes\BaseEntity.h">
      <Filter>BaseEntity</Filter>
    </ClInclude>
    <ClInclude Include="..\Classes\Character.h">
      <Filter>BaseEntity</Filter>
    </ClInclude>
    <ClInclude Include="..\Classes\Enemy.h">
      <Filter>BaseEntity</Filter>
    </ClInclude>
    <ClInclude Include="..\Classes\ActionCommand.h">
      <Filter>Command</Filter>
    </ClInclude>
    <ClInclude Include="..\Classes\Command.h">
      <Filter>Command</Filter>
    </ClInclude>
    <ClInclude Include="..\Classes\InputCommandBase.h">
      <Filter>Command</Filter>
    </ClInclude>
    <ClInclude Include="..\Classes\StateCommand.h">
      <Filter>Command</Filter>
    </ClInclude>
    <ClInclude Include="..\Classes\TemplateAction.h">
      <Filter>Command</Filter>
    </ClInclude>
    <ClInclude Include="..\Classes\Constants.h">
      <Filter>Constants</Filter>
    </ClInclude>
    <ClInclude Include="..\Classes\InputConstant.h">
      <Filter>Constants</Filter>
    </ClInclude>
    <ClInclude Include="..\Classes\InputHandler.h">
      <Filter>Input</Filter>
    </ClInclude>
    <ClInclude Include="..\Classes\Missile.h">
      <Filter>Projectile</Filter>
    </ClInclude>
    <ClInclude Include="..\Classes\Projectile.h">
      <Filter>Projectile</Filter>
    </ClInclude>
    <ClInclude Include="..\Classes\GameScene.h">
      <Filter>Scenes</Filter>
    </ClInclude>
    <ClInclude Include="..\Classes\BaseWeapon.h">
      <Filter>Weapon</Filter>
    </ClInclude>
    <ClInclude Include="..\Classes\Rocket.h">
      <Filter>Weapon</Filter>
    </ClInclude>
    <ClInclude Include="..\Classes\SceneManager.h">
      <Filter>Manager</Filter>
    </ClInclude>
    <ClInclude Include="..\Classes\MainmenuScene.h">
      <Filter>Scenes</Filter>
    </ClInclude>
    <ClInclude Include="..\Classes\SettingScene.h">
      <Filter>Scenes</Filter>
    </ClInclude>
    <ClInclude Include="..\Classes\FeedBack.h">
      <Filter>BaseEntity</Filter>
    </ClInclude>
    <ClInclude Include="..\Classes\WarningSign.h">
      <Filter>BaseEntity</Filter>
    </ClInclude>
    <ClInclude Include="..\Classes\FeedBackManager.h">
      <Filter>Manager</Filter>
    </ClInclude>
    <ClInclude Include="..\Classes\GameManager.h">
      <Filter>Manager</Filter>
    </ClInclude>
  </ItemGroup>
  <ItemGroup>
    <ResourceCompile Include="game.rc">
      <Filter>resource</Filter>
    </ResourceCompile>
  </ItemGroup>
</Project>